version = 1
revision = 3
requires-python = ">=3.13, <4.0"

[[package]]
name = "flexcache"
version = "0.3"
source = { registry = "https://pypi.org/simple" }
dependencies = [
    { name = "typing-extensions" },
]
sdist = { url = "https://files.pythonhosted.org/packages/55/b0/8a21e330561c65653d010ef112bf38f60890051d244ede197ddaa08e50c1/flexcache-0.3.tar.gz", hash = "sha256:18743bd5a0621bfe2cf8d519e4c3bfdf57a269c15d1ced3fb4b64e0ff4600656", size = 15816, upload-time = "2024-03-09T03:21:07.555Z" }
wheels = [
    { url = "https://files.pythonhosted.org/packages/27/cd/c883e1a7c447479d6e13985565080e3fea88ab5a107c21684c813dba1875/flexcache-0.3-py3-none-any.whl", hash = "sha256:d43c9fea82336af6e0115e308d9d33a185390b8346a017564611f1466dcd2e32", size = 13263, upload-time = "2024-03-09T03:21:05.635Z" },
]

[[package]]
name = "flexparser"
version = "0.4"
source = { registry = "https://pypi.org/simple" }
dependencies = [
    { name = "typing-extensions" },
]
sdist = { url = "https://files.pythonhosted.org/packages/82/99/b4de7e39e8eaf8207ba1a8fa2241dd98b2ba72ae6e16960d8351736d8702/flexparser-0.4.tar.gz", hash = "sha256:266d98905595be2ccc5da964fe0a2c3526fbbffdc45b65b3146d75db992ef6b2", size = 31799, upload-time = "2024-11-07T02:00:56.249Z" }
wheels = [
    { url = "https://files.pythonhosted.org/packages/fe/5e/3be305568fe5f34448807976dc82fc151d76c3e0e03958f34770286278c1/flexparser-0.4-py3-none-any.whl", hash = "sha256:3738b456192dcb3e15620f324c447721023c0293f6af9955b481e91d00179846", size = 27625, upload-time = "2024-11-07T02:00:54.523Z" },
]

[[package]]
name = "pint"
version = "0.25.3"
source = { registry = "https://pypi.org/simple" }
dependencies = [
    { name = "flexcache" },
    { name = "flexparser" },
    { name = "platformdirs" },
    { name = "typing-extensions" },
]
sdist = { url = "https://files.pythonhosted.org/packages/52/9d/b1379cdbd33a49d17d627bc24e2b63cca06a1c5343b38072d2889499e82e/pint-0.25.3.tar.gz", hash = "sha256:f8f5df6cf65314d74da1ade1bf96f8e3e4d0c41b51577ac53c49e7d44ca5acee", size = 255106, upload-time = "2026-03-19T21:57:08.72Z" }
wheels = [
    { url = "https://files.pythonhosted.org/packages/1b/dd/a9fe6a0a09512da23951c68bf36466aeecd89def3183dc095edbc807ddc5/pint-0.25.3-py3-none-any.whl", hash = "sha256:27eb25143bd5de9fcc4d5a4b484f16faf6b4615aa93ece6b3373a8c1a3c1b97d", size = 307488, upload-time = "2026-03-19T21:57:07.022Z" },
]

[[package]]
name = "pint-msl"
version = "0.1.0"
source = { virtual = "." }
dependencies = [
    { name = "pint" },
]

[package.metadata]
requires-dist = [{ name = "pint", specifier = ">=0.8" }]

[[package]]
name = "platformdirs"
version = "4.11.2"
source = { registry = "https://pypi.org/simple" }
sdist = { url = "https://files.pythonhosted.org/packages/e5/98/0bf930c4f97d0266b58a89e36c015f56232c52b5d2f207215d48cca9e8f7/platformdirs-4.11.2.tar.gz", hash = "sha256:3a2ae5fca3520a01ab1be8b45613537f52ddf5b5f6f53d88233892dfbf0cd82d", size = 32716, upload-time = "2026-08-10T15:48:06.092Z" }
wheels = [
    { url = "https://files.pythonhosted.org/packages/49/e2/4e6eee633809c376c024821b91ade709cbfd040ec53939ffbcc292aa7eee/platformdirs-4.11.2-py3-none-any.whl", hash = "sha256:7f89089b6ea71bda7962953edcf784b2e2d9d285b40ad88be2bb75c6e9d82ab4", size = 23361, upload-time = "2026-08-10T15:48:04.855Z" },
]

[[package]]
name = "typing-extensions"
version = "4.16.0"
source = { registry = "https://pypi.org/simple" }
sdist = { url = "https://files.pythonhosted.org/packages/f6/cc/6253133b5bb138fc3306cebfbda2c520f545d36b5be2c7255cc528bb45d6/typing_extensions-4.16.0.tar.gz", hash = "sha256:dc983d19a509c94dba722ee6abd33940f7c05a89e243c47e907eb4db6f1a43e5", size = 113555, upload-time = "2026-07-02T08:40:05.92Z" }
wheels = [
    { url = "https://files.pythonhosted.org/packages/49/d3/b8441a820a491ddfc024b0b0cf0393375b75ea13866d9c66727e54c2fc80/typing_extensions-4.16.0-py3-none-any.whl", hash = "sha256:481caa481374e813c1b176ada14e97f1f67a4539ce9cfeb3f350d78d6370c2e8", size = 45571, upload-time = "2026-07-02T08:40:04.659Z" },
]
